
Microsoft Visual Studio Solution File, Format Version 12.00
# Visual Studio Version 17
VisualStudioVersion = 17.0.31912.275
MinimumVisualStudioVersion = 10.0.40219.1
Project("{FAE04EC0-301F-11D3-BF4B-00C04F79EFBC}") = "NorthWindsAPI_Update", "NorthWindsAPI_Update\NorthWindsAPI_Update.csproj", "{F3ED22C0-1C64-4703-A76E-7CC06A1FEFAD}"
EndProject
Global
	GlobalSection(SolutionConfigurationPlatforms) = preSolution
		Debug|Any CPU = Debug|Any CPU
		Release|Any CPU = Release|Any CPU
	EndGlobalSection
	GlobalSection(ProjectConfigurationPlatforms) = postSolution
		{F3ED22C0-1C64-4703-A76E-7CC06A1FEFAD}.Debug|Any CPU.ActiveCfg = Debug|Any CPU
		{F3ED22C0-1C64-4703-A76E-7CC06A1FEFAD}.Debug|Any CPU.Build.0 = Debug|Any CPU
		{F3ED22C0-1C64-4703-A76E-7CC06A1FEFAD}.Release|Any CPU.ActiveCfg = Release|Any CPU
		{F3ED22C0-1C64-4703-A76E-7CC06A1FEFAD}.Release|Any CPU.Build.0 = Release|Any CPU
	EndGlobalSection
	GlobalSection(SolutionProperties) = preSolution
		HideSolutionNode = FALSE
	EndGlobalSection
	GlobalSection(ExtensibilityGlobals) = postSolution
		SolutionGuid = {4E8E2111-9368-4A0F-A4AB-4FFBFA9B4E3D}
	EndGlobalSection
EndGlobal
